
Microsoft Visual Studio Solution File, Format Version 12.00
# Visual Studio 15
VisualStudioVersion = 15.0.28307.1622
MinimumVisualStudioVersion = 10.0.40219.1
Project("{FAE04EC0-301F-11D3-BF4B-00C04F79EFBC}") = "Test", "Test\Test.csproj", "{A610B704-12EC-4FE9-AB2F-DC5015DA6F91}"
EndProject
Global
	GlobalSection(SolutionConfigurationPlatforms) = preSolution
		Debug|Any CPU = Debug|Any CPU
		Release|Any CPU = Release|Any CPU
	EndGlobalSection
	GlobalSection(ProjectConfigurationPlatforms) = postSolution
		{A610B704-12EC-4FE9-AB2F-DC5015DA6F91}.Debug|Any CPU.ActiveCfg = Debug|Any CPU
		{A610B704-12EC-4FE9-AB2F-DC5015DA6F91}.Debug|Any CPU.Build.0 = Debug|Any CPU
		{A610B704-12EC-4FE9-AB2F-DC5015DA6F91}.Release|Any CPU.ActiveCfg = Release|Any CPU
		{A610B704-12EC-4FE9-AB2F-DC5015DA6F91}.Release|Any CPU.Build.0 = Release|Any CPU
	EndGlobalSection
	GlobalSection(SolutionProperties) = preSolution
		HideSolutionNode = FALSE
	EndGlobalSection
	GlobalSection(ExtensibilityGlobals) = postSolution
		SolutionGuid = {42F5E73E-A137-4D75-93BF-3467D3BF44F4}
	EndGlobalSection
EndGlobal
